
Microsoft Visual Studio Solution File, Format Version 12.00
# Visual Studio 15
VisualStudioVersion = 15.0.26430.6
MinimumVisualStudioVersion = 10.0.40219.1
Project("{FAE04EC0-301F-11D3-BF4B-00C04F79EFBC}") = "AopInpc", "AopInpc\AopInpc.csproj", "{24C2F588-A62B-4A52-B470-4A78322C8721}"
EndProject
Project("{FAE04EC0-301F-11D3-BF4B-00C04F79EFBC}") = "AopInpc.Tests", "AopInpc.Tests\AopInpc.Tests.csproj", "{DE2B1D66-36E2-420A-AE08-DE258426B823}"
EndProject
Global
	GlobalSection(SolutionConfigurationPlatforms) = preSolution
		Debug|Any CPU = Debug|Any CPU
		Release|Any CPU = Release|Any CPU
	EndGlobalSection
	GlobalSection(ProjectConfigurationPlatforms) = postSolution
		{24C2F588-A62B-4A52-B470-4A78322C8721}.Debug|Any CPU.ActiveCfg = Debug|Any CPU
		{24C2F588-A62B-4A52-B470-4A78322C8721}.Debug|Any CPU.Build.0 = Debug|Any CPU
		{24C2F588-A62B-4A52-B470-4A78322C8721}.Release|Any CPU.ActiveCfg = Release|Any CPU
		{24C2F588-A62B-4A52-B470-4A78322C8721}.Release|Any CPU.Build.0 = Release|Any CPU
		{DE2B1D66-36E2-420A-AE08-DE258426B823}.Debug|Any CPU.ActiveCfg = Debug|Any CPU
		{DE2B1D66-36E2-420A-AE08-DE258426B823}.Debug|Any CPU.Build.0 = Debug|Any CPU
		{DE2B1D66-36E2-420A-AE08-DE258426B823}.Release|Any CPU.ActiveCfg = Release|Any CPU
		{DE2B1D66-36E2-420A-AE08-DE258426B823}.Release|Any CPU.Build.0 = Release|Any CPU
	EndGlobalSection
	GlobalSection(SolutionProperties) = preSolution
		HideSolutionNode = FALSE
	EndGlobalSection
EndGlobal
